
Microsoft Visual Studio Solution File, Format Version 12.00
# Visual Studio Version 17
VisualStudioVersion = 17.11.35327.3
MinimumVisualStudioVersion = 10.0.40219.1
Project("{9A19103F-16F7-4668-BE54-9A1E7A4F7556}") = "WEBka", "WEBka\WEBka.csproj", "{EFD5664B-D43E-4411-84E4-807F44DB37B6}"
EndProject
Global
	GlobalSection(SolutionConfigurationPlatforms) = preSolution
		Debug|Any CPU = Debug|Any CPU
		Release|Any CPU = Release|Any CPU
	EndGlobalSection
	GlobalSection(ProjectConfigurationPlatforms) = postSolution
		{EFD5664B-D43E-4411-84E4-807F44DB37B6}.Debug|Any CPU.ActiveCfg = Debug|Any CPU
		{EFD5664B-D43E-4411-84E4-807F44DB37B6}.Debug|Any CPU.Build.0 = Debug|Any CPU
		{EFD5664B-D43E-4411-84E4-807F44DB37B6}.Release|Any CPU.ActiveCfg = Release|Any CPU
		{EFD5664B-D43E-4411-84E4-807F44DB37B6}.Release|Any CPU.Build.0 = Release|Any CPU
	EndGlobalSection
	GlobalSection(SolutionProperties) = preSolution
		HideSolutionNode = FALSE
	EndGlobalSection
	GlobalSection(ExtensibilityGlobals) = postSolution
		SolutionGuid = {97788248-3B83-472B-B32E-B8D1486DD611}
	EndGlobalSection
EndGlobal
